
Microsoft Visual Studio Solution File, Format Version 12.00
# Visual Studio Version 17
VisualStudioVersion = 17.11.35303.130
MinimumVisualStudioVersion = 10.0.40219.1
Project("{FAE04EC0-301F-11D3-BF4B-00C04F79EFBC}") = "Schulwebapplikation", "Schulwebapplikation\Schulwebapplikation.csproj", "{F902F32B-5DC5-4AC5-A530-C920C8109E64}"
EndProject
Global
	GlobalSection(SolutionConfigurationPlatforms) = preSolution
		Debug|Any CPU = Debug|Any CPU
		Release|Any CPU = Release|Any CPU
	EndGlobalSection
	GlobalSection(ProjectConfigurationPlatforms) = postSolution
		{F902F32B-5DC5-4AC5-A530-C920C8109E64}.Debug|Any CPU.ActiveCfg = Debug|Any CPU
		{F902F32B-5DC5-4AC5-A530-C920C8109E64}.Debug|Any CPU.Build.0 = Debug|Any CPU
		{F902F32B-5DC5-4AC5-A530-C920C8109E64}.Release|Any CPU.ActiveCfg = Release|Any CPU
		{F902F32B-5DC5-4AC5-A530-C920C8109E64}.Release|Any CPU.Build.0 = Release|Any CPU
	EndGlobalSection
	GlobalSection(SolutionProperties) = preSolution
		HideSolutionNode = FALSE
	EndGlobalSection
	GlobalSection(ExtensibilityGlobals) = postSolution
		SolutionGuid = {7C041ECA-BE3F-4BB5-8AF4-A7EFD2A6D361}
	EndGlobalSection
EndGlobal
